github.com/c2h5oh/datasize v0.0.0-20200825124411-48ed595a09d2 h1:t8KYCwSKsOEZBFELI4Pn/phbp38iJ1RRAkDFNin1aak=
github.com/c2h5oh/datasize v0.0.0-20200825124411-48ed595a09d2/go.mod h1:S/7n9copUssQ56c7aAgHqftWO4LTf4xY6CGWt8Bc+3M=
github.com/deckarep/golang-set v1.7.1 h1:SCQV0S6gTtp6itiFrTqI+pfmJ4LN85S1YzhDf9rTHJQ=
github.com/deckarep/golang-set v1.7.1/go.mod h1:93vsz/8Wt4joVM7c2AVqh+YRMiUSc14yDtF28KmMOgQ=
github.com/ernestosuarez/itertools v0.0.0-20190516153236-40a02c159e7b h1:jfqcM/m7Rt6wR6caX7TaRk5tHWCz5HRq+kNCPSNSKTo=
github.com/ernestosuarez/itertools v0.0.0-20190516153236-40a02c159e7b/go.mod h1:WzH8PFd6m6UcRNbYXLAjgjyvwE5EqBKwTYosDoUDG/Q=
gopkg.in/ffmt.v1 v1.5.6 h1:4Bu3riZp5sAIXW2T/18JM9BkwJLodurXFR0f7PXp+cw=
gopkg.in/ffmt.v1 v1.5.6/go.mod h1:LssvGOZFiBGoBcobkTqnyh+uN1VzIRoibW+c0JI/Ha4=
